
Microsoft Visual Studio Solution File, Format Version 12.00
# Visual Studio Version 17
VisualStudioVersion = 17.1.32407.343
MinimumVisualStudioVersion = 10.0.40219.1
Project("{FAE04EC0-301F-11D3-BF4B-00C04F79EFBC}") = "TestNaloga4", "TestNaloga4.csproj", "{796266BC-2D15-46F3-AB07-973A5E1E0887}"
EndProject
Global
	GlobalSection(SolutionConfigurationPlatforms) = preSolution
		Debug|Any CPU = Debug|Any CPU
		Release|Any CPU = Release|Any CPU
	EndGlobalSection
	GlobalSection(ProjectConfigurationPlatforms) = postSolution
		{796266BC-2D15-46F3-AB07-973A5E1E0887}.Debug|Any CPU.ActiveCfg = Debug|Any CPU
		{796266BC-2D15-46F3-AB07-973A5E1E0887}.Debug|Any CPU.Build.0 = Debug|Any CPU
		{796266BC-2D15-46F3-AB07-973A5E1E0887}.Release|Any CPU.ActiveCfg = Release|Any CPU
		{796266BC-2D15-46F3-AB07-973A5E1E0887}.Release|Any CPU.Build.0 = Release|Any CPU
	EndGlobalSection
	GlobalSection(SolutionProperties) = preSolution
		HideSolutionNode = FALSE
	EndGlobalSection
	GlobalSection(ExtensibilityGlobals) = postSolution
		SolutionGuid = {0551BBBE-8711-47FA-8B6C-92F227B247F5}
	EndGlobalSection
EndGlobal
